// !$*UTF8*$!
{
	archiveVersion = 1;
	classes = {
	};
	objectVersion = 55;
	objects = {

/* Begin PBXBuildFile section */
		2603F4D428156EFE006F3874 /* GFTitleLabel.swift in Sources */ = {isa = PBXBuildFile; fileRef = 2603F4D328156EFE006F3874 /* GFTitleLabel.swift */; };
		2603F4D628156FFC006F3874 /* GFBodyLabel.swift in Sources */ = {isa = PBXBuildFile; fileRef = 2603F4D528156FFC006F3874 /* GFBodyLabel.swift */; };
		2603F4D8281570BD006F3874 /* GFAlertViewController.swift in Sources */ = {isa = PBXBuildFile; fileRef = 2603F4D7281570BD006F3874 /* GFAlertViewController.swift */; };
		2603F4DA28158C5C006F3874 /* UIViewController+Ext.swift in Sources */ = {isa = PBXBuildFile; fileRef = 2603F4D928158C5C006F3874 /* UIViewController+Ext.swift */; };
		2603F4E128159584006F3874 /* Follower.swift in Sources */ = {isa = PBXBuildFile; fileRef = 2603F4E028159584006F3874 /* Follower.swift */; };
		2603F4E3281595FD006F3874 /* User.swift in Sources */ = {isa = PBXBuildFile; fileRef = 2603F4E2281595FD006F3874 /* User.swift */; };
		2617A4892820416B00231ADA /* GFTabBarController.swift in Sources */ = {isa = PBXBuildFile; fileRef = 2617A4882820416B00231ADA /* GFTabBarController.swift */; };
		262EA46B2817DF3100F43773 /* UIHelper.swift in Sources */ = {isa = PBXBuildFile; fileRef = 262EA46A2817DF3100F43773 /* UIHelper.swift */; };
		262EA4732817FB8E00F43773 /* GFEmptyStateView.swift in Sources */ = {isa = PBXBuildFile; fileRef = 262EA4722817FB8E00F43773 /* GFEmptyStateView.swift */; };
		262EA47528180C1D00F43773 /* UserInfoViewController.swift in Sources */ = {isa = PBXBuildFile; fileRef = 262EA47428180C1D00F43773 /* UserInfoViewController.swift */; };
		262EA47728181DD500F43773 /* GFUserInfoHeaderViewController.swift in Sources */ = {isa = PBXBuildFile; fileRef = 262EA47628181DD500F43773 /* GFUserInfoHeaderViewController.swift */; };
		262EA47928181E4500F43773 /* GFSecondaryTitleLabel.swift in Sources */ = {isa = PBXBuildFile; fileRef = 262EA47828181E4500F43773 /* GFSecondaryTitleLabel.swift */; };
		262EA47B2818256B00F43773 /* Constants.swift in Sources */ = {isa = PBXBuildFile; fileRef = 262EA47A2818256B00F43773 /* Constants.swift */; };
		2639993327BF4AFA0095C563 /* FollowerListViewController.swift in Sources */ = {isa = PBXBuildFile; fileRef = 2639993227BF4AFA0095C563 /* FollowerListViewController.swift */; };
		2668AC1D281ECD0E0027CF42 /* PersistenceManager.swift in Sources */ = {isa = PBXBuildFile; fileRef = 2668AC1C281ECD0E0027CF42 /* PersistenceManager.swift */; };
		2668AC1F281EE4460027CF42 /* FavoriteCell.swift in Sources */ = {isa = PBXBuildFile; fileRef = 2668AC1E281EE4460027CF42 /* FavoriteCell.swift */; };
		2678906D27BC0D3F00F8A78C /* GFButton.swift in Sources */ = {isa = PBXBuildFile; fileRef = 2678906C27BC0D3F00F8A78C /* GFButton.swift */; };
		2678906F27BC127400F8A78C /* GFTextField.swift in Sources */ = {isa = PBXBuildFile; fileRef = 2678906E27BC127400F8A78C /* GFTextField.swift */; };
		268FE9442822EEC10013AB99 /* UIView+Ext.swift in Sources */ = {isa = PBXBuildFile; fileRef = 268FE9432822EEC10013AB99 /* UIView+Ext.swift */; };
		268FE9462822F8AA0013AB99 /* UITableView+Ext.swift in Sources */ = {isa = PBXBuildFile; fileRef = 268FE9452822F8AA0013AB99 /* UITableView+Ext.swift */; };
		26AEE61528182FA900806EA3 /* GFItemInfoView.swift in Sources */ = {isa = PBXBuildFile; fileRef = 26AEE61428182FA900806EA3 /* GFItemInfoView.swift */; };
		26AEE61728183AFC00806EA3 /* GFItemInfoViewController.swift in Sources */ = {isa = PBXBuildFile; fileRef = 26AEE61628183AFC00806EA3 /* GFItemInfoViewController.swift */; };
		26AEE61928183CC200806EA3 /* GFRepoItemViewController.swift in Sources */ = {isa = PBXBuildFile; fileRef = 26AEE61828183CC200806EA3 /* GFRepoItemViewController.swift */; };
		26AEE61B28183F3900806EA3 /* GFFollowerItemViewController.swift in Sources */ = {isa = PBXBuildFile; fileRef = 26AEE61A28183F3900806EA3 /* GFFollowerItemViewController.swift */; };
		26AEE61E28185D9C00806EA3 /* Date+Ext.swift in Sources */ = {isa = PBXBuildFile; fileRef = 26AEE61D28185D9C00806EA3 /* Date+Ext.swift */; };
		26AEE62028185DB700806EA3 /* String+Ext.swift in Sources */ = {isa = PBXBuildFile; fileRef = 26AEE61F28185DB700806EA3 /* String+Ext.swift */; };
		26D24D1D28214B8200B4F4C6 /* GFAlertContainerView.swift in Sources */ = {isa = PBXBuildFile; fileRef = 26D24D1C28214B8200B4F4C6 /* GFAlertContainerView.swift */; };
		26D326812816675E003C7F1B /* NetworkManager.swift in Sources */ = {isa = PBXBuildFile; fileRef = 26D326802816675E003C7F1B /* NetworkManager.swift */; };
		26D3268428166E3A003C7F1B /* GFError.swift in Sources */ = {isa = PBXBuildFile; fileRef = 26D3268328166E3A003C7F1B /* GFError.swift */; };
		26D3268728172016003C7F1B /* FollowerCell.swift in Sources */ = {isa = PBXBuildFile; fileRef = 26D3268628172016003C7F1B /* FollowerCell.swift */; };
		26D326892817206B003C7F1B /* GFAvatarImageView.swift in Sources */ = {isa = PBXBuildFile; fileRef = 26D326882817206B003C7F1B /* GFAvatarImageView.swift */; };
		26DA0B0827B6DCAC003BDC51 /* AppDelegate.swift in Sources */ = {isa = PBXBuildFile; fileRef = 26DA0B0727B6DCAC003BDC51 /* AppDelegate.swift */; };
		26DA0B0A27B6DCAC003BDC51 /* SceneDelegate.swift in Sources */ = {isa = PBXBuildFile; fileRef = 26DA0B0927B6DCAC003BDC51 /* SceneDelegate.swift */; };
		26DA0B1127B6DCAE003BDC51 /* Assets.xcassets in Resources */ = {isa = PBXBuildFile; fileRef = 26DA0B1027B6DCAE003BDC51 /* Assets.xcassets */; };
		26DA0B1427B6DCAE003BDC51 /* LaunchScreen.storyboard in Resources */ = {isa = PBXBuildFile; fileRef = 26DA0B1227B6DCAE003BDC51 /* LaunchScreen.storyboard */; };
		26DC766927B904920029B5DF /* SearchViewController.swift in Sources */ = {isa = PBXBuildFile; fileRef = 26DC766827B904920029B5DF /* SearchViewController.swift */; };
		26DC766B27B904BB0029B5DF /* FavoritesListViewController.swift in Sources */ = {isa = PBXBuildFile; fileRef = 26DC766A27B904BA0029B5DF /* FavoritesListViewController.swift */; };
		26ECF4C52821848F00459A8B /* GFDataLoadingViewController.swift in Sources */ = {isa = PBXBuildFile; fileRef = 26ECF4C42821848F00459A8B /* GFDataLoadingViewController.swift */; };
/* End PBXBuildFile section */

/* Begin PBXFileReference section */
		2603F4D328156EFE006F3874 /* GFTitleLabel.swift */ = {isa = PBXFileReference; lastKnownFileType = sourcecode.swift; path = GFTitleLabel.swift; sourceTree = "<group>"; };
		2603F4D528156FFC006F3874 /* GFBodyLabel.swift */ = {isa = PBXFileReference; lastKnownFileType = sourcecode.swift; path = GFBodyLabel.swift; sourceTree = "<group>"; };
		2603F4D7281570BD006F3874 /* GFAlertViewController.swift */ = {isa = PBXFileReference; lastKnownFileType = sourcecode.swift; path = GFAlertViewController.swift; sourceTree = "<group>"; };
		2603F4D928158C5C006F3874 /* UIViewController+Ext.swift */ = {isa = PBXFileReference; lastKnownFileType = sourcecode.swift; path = "UIViewController+Ext.swift"; sourceTree = "<group>"; };
		2603F4E028159584006F3874 /* Follower.swift */ = {isa = PBXFileReference; lastKnownFileType = sourcecode.swift; path = Follower.swift; sourceTree = "<group>"; };
		2603F4E2281595FD006F3874 /* User.swift */ = {isa = PBXFileReference; lastKnownFileType = sourcecode.swift; path = User.swift; sourceTree = "<group>"; };
		2617A4882820416B00231ADA /* GFTabBarController.swift */ = {isa = PBXFileReference; lastKnownFileType = sourcecode.swift; path = GFTabBarController.swift; sourceTree = "<group>"; };
		262EA46A2817DF3100F43773 /* UIHelper.swift */ = {isa = PBXFileReference; lastKnownFileType = sourcecode.swift; path = UIHelper.swift; sourceTree = "<group>"; };
		262EA4722817FB8E00F43773 /* GFEmptyStateView.swift */ = {isa = PBXFileReference; lastKnownFileType = sourcecode.swift; path = GFEmptyStateView.swift; sourceTree = "<group>"; };
		262EA47428180C1D00F43773 /* UserInfoViewController.swift */ = {isa = PBXFileReference; lastKnownFileType = sourcecode.swift; path = UserInfoViewController.swift; sourceTree = "<group>"; };
		262EA47628181DD500F43773 /* GFUserInfoHeaderViewController.swift */ = {isa = PBXFileReference; lastKnownFileType = sourcecode.swift; path = GFUserInfoHeaderViewController.swift; sourceTree = "<group>"; };
		262EA47828181E4500F43773 /* GFSecondaryTitleLabel.swift */ = {isa = PBXFileReference; lastKnownFileType = sourcecode.swift; path = GFSecondaryTitleLabel.swift; sourceTree = "<group>"; };
		262EA47A2818256B00F43773 /* Constants.swift */ = {isa = PBXFileReference; lastKnownFileType = sourcecode.swift; path = Constants.swift; sourceTree = "<group>"; };
		2639993227BF4AFA0095C563 /* FollowerListViewController.swift */ = {isa = PBXFileReference; lastKnownFileType = sourcecode.swift; path = FollowerListViewController.swift; sourceTree = "<group>"; };
		2668AC1C281ECD0E0027CF42 /* PersistenceManager.swift */ = {isa = PBXFileReference; lastKnownFileType = sourcecode.swift; path = PersistenceManager.swift; sourceTree = "<group>"; };
		2668AC1E281EE4460027CF42 /* FavoriteCell.swift */ = {isa = PBXFileReference; lastKnownFileType = sourcecode.swift; path = FavoriteCell.swift; sourceTree = "<group>"; };
		2678906C27BC0D3F00F8A78C /* GFButton.swift */ = {isa = PBXFileReference; lastKnownFileType = sourcecode.swift; path = GFButton.swift; sourceTree = "<group>"; };
		2678906E27BC127400F8A78C /* GFTextField.swift */ = {isa = PBXFileReference; lastKnownFileType = sourcecode.swift; path = GFTextField.swift; sourceTree = "<group>"; };
		268FE9432822EEC10013AB99 /* UIView+Ext.swift */ = {isa = PBXFileReference; lastKnownFileType = sourcecode.swift; path = "UIView+Ext.swift"; sourceTree = "<group>"; };
		268FE9452822F8AA0013AB99 /* UITableView+Ext.swift */ = {isa = PBXFileReference; lastKnownFileType = sourcecode.swift; path = "UITableView+Ext.swift"; sourceTree = "<group>"; };
		26AEE61428182FA900806EA3 /* GFItemInfoView.swift */ = {isa = PBXFileReference; lastKnownFileType = sourcecode.swift; path = GFItemInfoView.swift; sourceTree = "<group>"; };
		26AEE61628183AFC00806EA3 /* GFItemInfoViewController.swift */ = {isa = PBXFileReference; lastKnownFileType = sourcecode.swift; path = GFItemInfoViewController.swift; sourceTree = "<group>"; };
		26AEE61828183CC200806EA3 /* GFRepoItemViewController.swift */ = {isa = PBXFileReference; lastKnownFileType = sourcecode.swift; path = GFRepoItemViewController.swift; sourceTree = "<group>"; };
		26AEE61A28183F3900806EA3 /* GFFollowerItemViewController.swift */ = {isa = PBXFileReference; lastKnownFileType = sourcecode.swift; path = GFFollowerItemViewController.swift; sourceTree = "<group>"; };
		26AEE61D28185D9C00806EA3 /* Date+Ext.swift */ = {isa = PBXFileReference; lastKnownFileType = sourcecode.swift; path = "Date+Ext.swift"; sourceTree = "<group>"; };
		26AEE61F28185DB700806EA3 /* String+Ext.swift */ = {isa = PBXFileReference; lastKnownFileType = sourcecode.swift; path = "String+Ext.swift"; sourceTree = "<group>"; };
		26D24D1C28214B8200B4F4C6 /* GFAlertContainerView.swift */ = {isa = PBXFileReference; lastKnownFileType = sourcecode.swift; path = GFAlertContainerView.swift; sourceTree = "<group>"; };
		26D326802816675E003C7F1B /* NetworkManager.swift */ = {isa = PBXFileReference; lastKnownFileType = sourcecode.swift; path = NetworkManager.swift; sourceTree = "<group>"; };
		26D3268328166E3A003C7F1B /* GFError.swift */ = {isa = PBXFileReference; lastKnownFileType = sourcecode.swift; path = GFError.swift; sourceTree = "<group>"; };
		26D3268628172016003C7F1B /* FollowerCell.swift */ = {isa = PBXFileReference; lastKnownFileType = sourcecode.swift; path = FollowerCell.swift; sourceTree = "<group>"; };
		26D326882817206B003C7F1B /* GFAvatarImageView.swift */ = {isa = PBXFileReference; lastKnownFileType = sourcecode.swift; path = GFAvatarImageView.swift; sourceTree = "<group>"; };
		26DA0B0427B6DCAC003BDC51 /* GHFollowers.app */ = {isa = PBXFileReference; explicitFileType = wrapper.application; includeInIndex = 0; path = GHFollowers.app; sourceTree = BUILT_PRODUCTS_DIR; };
		26DA0B0727B6DCAC003BDC51 /* AppDelegate.swift */ = {isa = PBXFileReference; lastKnownFileType = sourcecode.swift; path = AppDelegate.swift; sourceTree = "<group>"; };
		26DA0B0927B6DCAC003BDC51 /* SceneDelegate.swift */ = {isa = PBXFileReference; lastKnownFileType = sourcecode.swift; path = SceneDelegate.swift; sourceTree = "<group>"; };
		26DA0B1027B6DCAE003BDC51 /* Assets.xcassets */ = {isa = PBXFileReference; lastKnownFileType = folder.assetcatalog; path = Assets.xcassets; sourceTree = "<group>"; };
		26DA0B1327B6DCAE003BDC51 /* Base */ = {isa = PBXFileReference; lastKnownFileType = file.storyboard; name = Base; path = Base.lproj/LaunchScreen.storyboard; sourceTree = "<group>"; };
		26DA0B1527B6DCAE003BDC51 /* Info.plist */ = {isa = PBXFileReference; lastKnownFileType = text.plist.xml; path = Info.plist; sourceTree = "<group>"; };
		26DC766827B904920029B5DF /* SearchViewController.swift */ = {isa = PBXFileReference; lastKnownFileType = sourcecode.swift; path = SearchViewController.swift; sourceTree = "<group>"; };
		26DC766A27B904BA0029B5DF /* FavoritesListViewController.swift */ = {isa = PBXFileReference; lastKnownFileType = sourcecode.swift; path = FavoritesListViewController.swift; sourceTree = "<group>"; };
		26ECF4C42821848F00459A8B /* GFDataLoadingViewController.swift */ = {isa = PBXFileReference; lastKnownFileType = sourcecode.swift; path = GFDataLoadingViewController.swift; sourceTree = "<group>"; };
/* End PBXFileReference section */

/* Begin PBXFrameworksBuildPhase section */
		26DA0B0127B6DCAC003BDC51 /* Frameworks */ = {
			isa = PBXFrameworksBuildPhase;
			buildActionMask = 2147483647;
			files = (
			);
			runOnlyForDeploymentPostprocessing = 0;
		};
/* End PBXFrameworksBuildPhase section */

/* Begin PBXGroup section */
		2603F4DB28159194006F3874 /* Screens */ = {
			isa = PBXGroup;
			children = (
				26DC766827B904920029B5DF /* SearchViewController.swift */,
				2639993227BF4AFA0095C563 /* FollowerListViewController.swift */,
				26DC766A27B904BA0029B5DF /* FavoritesListViewController.swift */,
				262EA47428180C1D00F43773 /* UserInfoViewController.swift */,
			);
			path = Screens;
			sourceTree = "<group>";
		};
		2603F4DC281591B1006F3874 /* Custom Views */ = {
			isa = PBXGroup;
			children = (
				2617A4872820415000231ADA /* TabBarControllers */,
				262EA4712817FB3900F43773 /* ViewControllers */,
				262EA4702817FAF700F43773 /* Labels */,
				262EA46F2817FAE400F43773 /* ImageViews */,
				262EA46E2817FAE100F43773 /* TextFields */,
				262EA46D2817FADD00F43773 /* Buttons */,
				262EA46C2817FADA00F43773 /* Views */,
				26D3268528171FF8003C7F1B /* Cells */,
			);
			path = "Custom Views";
			sourceTree = "<group>";
		};
		2603F4DD281591D4006F3874 /* Extensions */ = {
			isa = PBXGroup;
			children = (
				2603F4D928158C5C006F3874 /* UIViewController+Ext.swift */,
				26AEE61D28185D9C00806EA3 /* Date+Ext.swift */,
				26AEE61F28185DB700806EA3 /* String+Ext.swift */,
				268FE9432822EEC10013AB99 /* UIView+Ext.swift */,
				268FE9452822F8AA0013AB99 /* UITableView+Ext.swift */,
			);
			path = Extensions;
			sourceTree = "<group>";
		};
		2603F4DE281592B6006F3874 /* Support */ = {
			isa = PBXGroup;
			children = (
				26DA0B0727B6DCAC003BDC51 /* AppDelegate.swift */,
				26DA0B0927B6DCAC003BDC51 /* SceneDelegate.swift */,
				26DA0B1027B6DCAE003BDC51 /* Assets.xcassets */,
				26DA0B1227B6DCAE003BDC51 /* LaunchScreen.storyboard */,
			);
			path = Support;
			sourceTree = "<group>";
		};
		2603F4DF28159576006F3874 /* Model */ = {
			isa = PBXGroup;
			children = (
				2603F4E028159584006F3874 /* Follower.swift */,
				2603F4E2281595FD006F3874 /* User.swift */,
			);
			path = Model;
			sourceTree = "<group>";
		};
		2617A4872820415000231ADA /* TabBarControllers */ = {
			isa = PBXGroup;
			children = (
				2617A4882820416B00231ADA /* GFTabBarController.swift */,
			);
			path = TabBarControllers;
			sourceTree = "<group>";
		};
		262EA46C2817FADA00F43773 /* Views */ = {
			isa = PBXGroup;
			children = (
				262EA4722817FB8E00F43773 /* GFEmptyStateView.swift */,
				26AEE61428182FA900806EA3 /* GFItemInfoView.swift */,
				26D24D1C28214B8200B4F4C6 /* GFAlertContainerView.swift */,
			);
			path = Views;
			sourceTree = "<group>";
		};
		262EA46D2817FADD00F43773 /* Buttons */ = {
			isa = PBXGroup;
			children = (
				2678906C27BC0D3F00F8A78C /* GFButton.swift */,
			);
			path = Buttons;
			sourceTree = "<group>";
		};
		262EA46E2817FAE100F43773 /* TextFields */ = {
			isa = PBXGroup;
			children = (
				2678906E27BC127400F8A78C /* GFTextField.swift */,
			);
			path = TextFields;
			sourceTree = "<group>";
		};
		262EA46F2817FAE400F43773 /* ImageViews */ = {
			isa = PBXGroup;
			children = (
				26D326882817206B003C7F1B /* GFAvatarImageView.swift */,
			);
			path = ImageViews;
			sourceTree = "<group>";
		};
		262EA4702817FAF700F43773 /* Labels */ = {
			isa = PBXGroup;
			children = (
				2603F4D328156EFE006F3874 /* GFTitleLabel.swift */,
				2603F4D528156FFC006F3874 /* GFBodyLabel.swift */,
				262EA47828181E4500F43773 /* GFSecondaryTitleLabel.swift */,
			);
			path = Labels;
			sourceTree = "<group>";
		};
		262EA4712817FB3900F43773 /* ViewControllers */ = {
			isa = PBXGroup;
			children = (
				26AEE61C28183F7300806EA3 /* ItemInfoVCs */,
				2603F4D7281570BD006F3874 /* GFAlertViewController.swift */,
				262EA47628181DD500F43773 /* GFUserInfoHeaderViewController.swift */,
				26ECF4C42821848F00459A8B /* GFDataLoadingViewController.swift */,
			);
			path = ViewControllers;
			sourceTree = "<group>";
		};
		26AEE61C28183F7300806EA3 /* ItemInfoVCs */ = {
			isa = PBXGroup;
			children = (
				26AEE61628183AFC00806EA3 /* GFItemInfoViewController.swift */,
				26AEE61828183CC200806EA3 /* GFRepoItemViewController.swift */,
				26AEE61A28183F3900806EA3 /* GFFollowerItemViewController.swift */,
			);
			path = ItemInfoVCs;
			sourceTree = "<group>";
		};
		26D3267F28166752003C7F1B /* Managers */ = {
			isa = PBXGroup;
			children = (
				26D326802816675E003C7F1B /* NetworkManager.swift */,
				2668AC1C281ECD0E0027CF42 /* PersistenceManager.swift */,
			);
			path = Managers;
			sourceTree = "<group>";
		};
		26D3268228166E2A003C7F1B /* Utilities */ = {
			isa = PBXGroup;
			children = (
				26D3268328166E3A003C7F1B /* GFError.swift */,
				262EA46A2817DF3100F43773 /* UIHelper.swift */,
				262EA47A2818256B00F43773 /* Constants.swift */,
			);
			path = Utilities;
			sourceTree = "<group>";
		};
		26D3268528171FF8003C7F1B /* Cells */ = {
			isa = PBXGroup;
			children = (
				26D3268628172016003C7F1B /* FollowerCell.swift */,
				2668AC1E281EE4460027CF42 /* FavoriteCell.swift */,
			);
			path = Cells;
			sourceTree = "<group>";
		};
		26DA0AFB27B6DCAC003BDC51 = {
			isa = PBXGroup;
			children = (
				26DA0B0627B6DCAC003BDC51 /* GHFollowers */,
				26DA0B0527B6DCAC003BDC51 /* Products */,
			);
			sourceTree = "<group>";
		};
		26DA0B0527B6DCAC003BDC51 /* Products */ = {
			isa = PBXGroup;
			children = (
				26DA0B0427B6DCAC003BDC51 /* GHFollowers.app */,
			);
			name = Products;
			sourceTree = "<group>";
		};
		26DA0B0627B6DCAC003BDC51 /* GHFollowers */ = {
			isa = PBXGroup;
			children = (
				26D3268228166E2A003C7F1B /* Utilities */,
				26D3267F28166752003C7F1B /* Managers */,
				2603F4DF28159576006F3874 /* Model */,
				2603F4DD281591D4006F3874 /* Extensions */,
				2603F4DC281591B1006F3874 /* Custom Views */,
				2603F4DB28159194006F3874 /* Screens */,
				2603F4DE281592B6006F3874 /* Support */,
				26DA0B1527B6DCAE003BDC51 /* Info.plist */,
			);
			path = GHFollowers;
			sourceTree = "<group>";
		};
/* End PBXGroup section */

/* Begin PBXNativeTarget section */
		26DA0B0327B6DCAC003BDC51 /* GHFollowers */ = {
			isa = PBXNativeTarget;
			buildConfigurationList = 26DA0B1827B6DCAE003BDC51 /* Build configuration list for PBXNativeTarget "GHFollowers" */;
			buildPhases = (
				26DA0B0027B6DCAC003BDC51 /* Sources */,
				26DA0B0127B6DCAC003BDC51 /* Frameworks */,
				26DA0B0227B6DCAC003BDC51 /* Resources */,
			);
			buildRules = (
			);
			dependencies = (
			);
			name = GHFollowers;
			productName = GHFollowers;
			productReference = 26DA0B0427B6DCAC003BDC51 /* GHFollowers.app */;
			productType = "com.apple.product-type.application";
		};
/* End PBXNativeTarget section */

/* Begin PBXProject section */
		26DA0AFC27B6DCAC003BDC51 /* Project object */ = {
			isa = PBXProject;
			attributes = {
				BuildIndependentTargetsInParallel = 1;
				LastSwiftUpdateCheck = 1320;
				LastUpgradeCheck = 1320;
				TargetAttributes = {
					26DA0B0327B6DCAC003BDC51 = {
						CreatedOnToolsVersion = 13.2.1;
					};
				};
			};
			buildConfigurationList = 26DA0AFF27B6DCAC003BDC51 /* Build configuration list for PBXProject "GHFollowers" */;
			compatibilityVersion = "Xcode 13.0";
			developmentRegion = en;
			hasScannedForEncodings = 0;
			knownRegions = (
				en,
				Base,
			);
			mainGroup = 26DA0AFB27B6DCAC003BDC51;
			productRefGroup = 26DA0B0527B6DCAC003BDC51 /* Products */;
			projectDirPath = "";
			projectRoot = "";
			targets = (
				26DA0B0327B6DCAC003BDC51 /* GHFollowers */,
			);
		};
/* End PBXProject section */

/* Begin PBXResourcesBuildPhase section */
		26DA0B0227B6DCAC003BDC51 /* Resources */ = {
			isa = PBXResourcesBuildPhase;
			buildActionMask = 2147483647;
			files = (
				26DA0B1427B6DCAE003BDC51 /* LaunchScreen.storyboard in Resources */,
				26DA0B1127B6DCAE003BDC51 /* Assets.xcassets in Resources */,
			);
			runOnlyForDeploymentPostprocessing = 0;
		};
/* End PBXResourcesBuildPhase section */

/* Begin PBXSourcesBuildPhase section */
		26DA0B0027B6DCAC003BDC51 /* Sources */ = {
			isa = PBXSourcesBuildPhase;
			buildActionMask = 2147483647;
			files = (
				2603F4E3281595FD006F3874 /* User.swift in Sources */,
				2603F4D8281570BD006F3874 /* GFAlertViewController.swift in Sources */,
				26DC766B27B904BB0029B5DF /* FavoritesListViewController.swift in Sources */,
				26AEE62028185DB700806EA3 /* String+Ext.swift in Sources */,
				2678906D27BC0D3F00F8A78C /* GFButton.swift in Sources */,
				2603F4DA28158C5C006F3874 /* UIViewController+Ext.swift in Sources */,
				262EA46B2817DF3100F43773 /* UIHelper.swift in Sources */,
				26AEE61B28183F3900806EA3 /* GFFollowerItemViewController.swift in Sources */,
				26AEE61928183CC200806EA3 /* GFRepoItemViewController.swift in Sources */,
				262EA47B2818256B00F43773 /* Constants.swift in Sources */,
				26ECF4C52821848F00459A8B /* GFDataLoadingViewController.swift in Sources */,
				26D326892817206B003C7F1B /* GFAvatarImageView.swift in Sources */,
				26DA0B0827B6DCAC003BDC51 /* AppDelegate.swift in Sources */,
				262EA47728181DD500F43773 /* GFUserInfoHeaderViewController.swift in Sources */,
				26AEE61528182FA900806EA3 /* GFItemInfoView.swift in Sources */,
				2668AC1F281EE4460027CF42 /* FavoriteCell.swift in Sources */,
				2639993327BF4AFA0095C563 /* FollowerListViewController.swift in Sources */,
				2617A4892820416B00231ADA /* GFTabBarController.swift in Sources */,
				26D3268728172016003C7F1B /* FollowerCell.swift in Sources */,
				26D3268428166E3A003C7F1B /* GFError.swift in Sources */,
				2603F4D628156FFC006F3874 /* GFBodyLabel.swift in Sources */,
				268FE9462822F8AA0013AB99 /* UITableView+Ext.swift in Sources */,
				2603F4E128159584006F3874 /* Follower.swift in Sources */,
				26D24D1D28214B8200B4F4C6 /* GFAlertContainerView.swift in Sources */,
				2603F4D428156EFE006F3874 /* GFTitleLabel.swift in Sources */,
				26AEE61E28185D9C00806EA3 /* Date+Ext.swift in Sources */,
				2668AC1D281ECD0E0027CF42 /* PersistenceManager.swift in Sources */,
				262EA47928181E4500F43773 /* GFSecondaryTitleLabel.swift in Sources */,
				262EA4732817FB8E00F43773 /* GFEmptyStateView.swift in Sources */,
				26D326812816675E003C7F1B /* NetworkManager.swift in Sources */,
				26DC766927B904920029B5DF /* SearchViewController.swift in Sources */,
				26AEE61728183AFC00806EA3 /* GFItemInfoViewController.swift in Sources */,
				262EA47528180C1D00F43773 /* UserInfoViewController.swift in Sources */,
				268FE9442822EEC10013AB99 /* UIView+Ext.swift in Sources */,
				26DA0B0A27B6DCAC003BDC51 /* SceneDelegate.swift in Sources */,
				2678906F27BC127400F8A78C /* GFTextField.swift in Sources */,
			);
			runOnlyForDeploymentPostprocessing = 0;
		};
/* End PBXSourcesBuildPhase section */

/* Begin PBXVariantGroup section */
		26DA0B1227B6DCAE003BDC51 /* LaunchScreen.storyboard */ = {
			isa = PBXVariantGroup;
			children = (
				26DA0B1327B6DCAE003BDC51 /* Base */,
			);
			name = LaunchScreen.storyboard;
			sourceTree = "<group>";
		};
/* End PBXVariantGroup section */

/* Begin XCBuildConfiguration section */
		26DA0B1627B6DCAE003BDC51 /* Debug */ = {
			isa = XCBuildConfiguration;
			buildSettings = {
				ALWAYS_SEARCH_USER_PATHS = NO;
				CLANG_ANALYZER_NONNULL = YES;
				CLANG_ANALYZER_NUMBER_OBJECT_CONVERSION = YES_AGGRESSIVE;
				CLANG_CXX_LANGUAGE_STANDARD = "gnu++17";
				CLANG_CXX_LIBRARY = "libc++";
				CLANG_ENABLE_MODULES = YES;
				CLANG_ENABLE_OBJC_ARC = YES;
				CLANG_ENABLE_OBJC_WEAK = YES;
				CLANG_WARN_BLOCK_CAPTURE_AUTORELEASING = YES;
				CLANG_WARN_BOOL_CONVERSION = YES;
				CLANG_WARN_COMMA = YES;
				CLANG_WARN_CONSTANT_CONVERSION = YES;
				CLANG_WARN_DEPRECATED_OBJC_IMPLEMENTATIONS = YES;
				CLANG_WARN_DIRECT_OBJC_ISA_USAGE = YES_ERROR;
				CLANG_WARN_DOCUMENTATION_COMMENTS = YES;
				CLANG_WARN_EMPTY_BODY = YES;
				CLANG_WARN_ENUM_CONVERSION = YES;
				CLANG_WARN_INFINITE_RECURSION = YES;
				CLANG_WARN_INT_CONVERSION = YES;
				CLANG_WARN_NON_LITERAL_NULL_CONVERSION = YES;
				CLANG_WARN_OBJC_IMPLICIT_RETAIN_SELF = YES;
				CLANG_WARN_OBJC_LITERAL_CONVERSION = YES;
				CLANG_WARN_OBJC_ROOT_CLASS = YES_ERROR;
				CLANG_WARN_QUOTED_INCLUDE_IN_FRAMEWORK_HEADER = YES;
				CLANG_WARN_RANGE_LOOP_ANALYSIS = YES;
				CLANG_WARN_STRICT_PROTOTYPES = YES;
				CLANG_WARN_SUSPICIOUS_MOVE = YES;
				CLANG_WARN_UNGUARDED_AVAILABILITY = YES_AGGRESSIVE;
				CLANG_WARN_UNREACHABLE_CODE = YES;
				CLANG_WARN__DUPLICATE_METHOD_MATCH = YES;
				COPY_PHASE_STRIP = NO;
				DEBUG_INFORMATION_FORMAT = dwarf;
				ENABLE_STRICT_OBJC_MSGSEND = YES;
				ENABLE_TESTABILITY = YES;
				GCC_C_LANGUAGE_STANDARD = gnu11;
				GCC_DYNAMIC_NO_PIC = NO;
				GCC_NO_COMMON_BLOCKS = YES;
				GCC_OPTIMIZATION_LEVEL = 0;
				GCC_PREPROCESSOR_DEFINITIONS = (
					"DEBUG=1",
					"$(inherited)",
				);
				GCC_WARN_64_TO_32_BIT_CONVERSION = YES;
				GCC_WARN_ABOUT_RETURN_TYPE = YES_ERROR;
				GCC_WARN_UNDECLARED_SELECTOR = YES;
				GCC_WARN_UNINITIALIZED_AUTOS = YES_AGGRESSIVE;
				GCC_WARN_UNUSED_FUNCTION = YES;
				GCC_WARN_UNUSED_VARIABLE = YES;
				IPHONEOS_DEPLOYMENT_TARGET = 15.2;
				MTL_ENABLE_DEBUG_INFO = INCLUDE_SOURCE;
				MTL_FAST_MATH = YES;
				ONLY_ACTIVE_ARCH = YES;
				SDKROOT = iphoneos;
				SWIFT_ACTIVE_COMPILATION_CONDITIONS = DEBUG;
				SWIFT_OPTIMIZATION_LEVEL = "-Onone";
			};
			name = Debug;
		};
		26DA0B1727B6DCAE003BDC51 /* Release */ = {
			isa = XCBuildConfiguration;
			buildSettings = {
				ALWAYS_SEARCH_USER_PATHS = NO;
				CLANG_ANALYZER_NONNULL = YES;
				CLANG_ANALYZER_NUMBER_OBJECT_CONVERSION = YES_AGGRESSIVE;
				CLANG_CXX_LANGUAGE_STANDARD = "gnu++17";
				CLANG_CXX_LIBRARY = "libc++";
				CLANG_ENABLE_MODULES = YES;
				CLANG_ENABLE_OBJC_ARC = YES;
				CLANG_ENABLE_OBJC_WEAK = YES;
				CLANG_WARN_BLOCK_CAPTURE_AUTORELEASING = YES;
				CLANG_WARN_BOOL_CONVERSION = YES;
				CLANG_WARN_COMMA = YES;
				CLANG_WARN_CONSTANT_CONVERSION = YES;
				CLANG_WARN_DEPRECATED_OBJC_IMPLEMENTATIONS = YES;
				CLANG_WARN_DIRECT_OBJC_ISA_USAGE = YES_ERROR;
				CLANG_WARN_DOCUMENTATION_COMMENTS = YES;
				CLANG_WARN_EMPTY_BODY = YES;
				CLANG_WARN_ENUM_CONVERSION = YES;
				CLANG_WARN_INFINITE_RECURSION = YES;
				CLANG_WARN_INT_CONVERSION = YES;
				CLANG_WARN_NON_LITERAL_NULL_CONVERSION = YES;
				CLANG_WARN_OBJC_IMPLICIT_RETAIN_SELF = YES;
				CLANG_WARN_OBJC_LITERAL_CONVERSION = YES;
				CLANG_WARN_OBJC_ROOT_CLASS = YES_ERROR;
				CLANG_WARN_QUOTED_INCLUDE_IN_FRAMEWORK_HEADER = YES;
				CLANG_WARN_RANGE_LOOP_ANALYSIS = YES;
				CLANG_WARN_STRICT_PROTOTYPES = YES;
				CLANG_WARN_SUSPICIOUS_MOVE = YES;
				CLANG_WARN_UNGUARDED_AVAILABILITY = YES_AGGRESSIVE;
				CLANG_WARN_UNREACHABLE_CODE = YES;
				CLANG_WARN__DUPLICATE_METHOD_MATCH = YES;
				COPY_PHASE_STRIP = NO;
				DEBUG_INFORMATION_FORMAT = "dwarf-with-dsym";
				ENABLE_NS_ASSERTIONS = NO;
				ENABLE_STRICT_OBJC_MSGSEND = YES;
				GCC_C_LANGUAGE_STANDARD = gnu11;
				GCC_NO_COMMON_BLOCKS = YES;
				GCC_WARN_64_TO_32_BIT_CONVERSION = YES;
				GCC_WARN_ABOUT_RETURN_TYPE = YES_ERROR;
				GCC_WARN_UNDECLARED_SELECTOR = YES;
				GCC_WARN_UNINITIALIZED_AUTOS = YES_AGGRESSIVE;
				GCC_WARN_UNUSED_FUNCTION = YES;
				GCC_WARN_UNUSED_VARIABLE = YES;
				IPHONEOS_DEPLOYMENT_TARGET = 15.2;
				MTL_ENABLE_DEBUG_INFO = NO;
				MTL_FAST_MATH = YES;
				SDKROOT = iphoneos;
				SWIFT_COMPILATION_MODE = wholemodule;
				SWIFT_OPTIMIZATION_LEVEL = "-O";
				VALIDATE_PRODUCT = YES;
			};
			name = Release;
		};
		26DA0B1927B6DCAE003BDC51 /* Debug */ = {
			isa = XCBuildConfiguration;
			buildSettings = {
				ASSETCATALOG_COMPILER_APPICON_NAME = AppIcon;
				ASSETCATALOG_COMPILER_GLOBAL_ACCENT_COLOR_NAME = AccentColor;
				CODE_SIGN_STYLE = Automatic;
				CURRENT_PROJECT_VERSION = 1;
				DEVELOPMENT_TEAM = HA727BMPYK;
				GENERATE_INFOPLIST_FILE = YES;
				INFOPLIST_FILE = GHFollowers/Info.plist;
				INFOPLIST_KEY_UIApplicationSupportsIndirectInputEvents = YES;
				INFOPLIST_KEY_UILaunchStoryboardName = LaunchScreen;
				INFOPLIST_KEY_UISupportedInterfaceOrientations = UIInterfaceOrientationPortrait;
				INFOPLIST_KEY_UISupportedInterfaceOrientations_iPad = "UIInterfaceOrientationPortrait UIInterfaceOrientationPortraitUpsideDown UIInterfaceOrientationLandscapeLeft UIInterfaceOrientationLandscapeRight";
				INFOPLIST_KEY_UISupportedInterfaceOrientations_iPhone = "UIInterfaceOrientationPortrait UIInterfaceOrientationLandscapeLeft UIInterfaceOrientationLandscapeRight";
				LD_RUNPATH_SEARCH_PATHS = (
					"$(inherited)",
					"@executable_path/Frameworks",
				);
				MARKETING_VERSION = 1.0;
				PRODUCT_BUNDLE_IDENTIFIER = com.wendykurniawan.GHFollowers;
				PRODUCT_NAME = "$(TARGET_NAME)";
				SWIFT_EMIT_LOC_STRINGS = YES;
				SWIFT_VERSION = 5.0;
				TARGETED_DEVICE_FAMILY = 1;
			};
			name = Debug;
		};
		26DA0B1A27B6DCAE003BDC51 /* Release */ = {
			isa = XCBuildConfiguration;
			buildSettings = {
				ASSETCATALOG_COMPILER_APPICON_NAME = AppIcon;
				ASSETCATALOG_COMPILER_GLOBAL_ACCENT_COLOR_NAME = AccentColor;
				CODE_SIGN_STYLE = Automatic;
				CURRENT_PROJECT_VERSION = 1;
				DEVELOPMENT_TEAM = HA727BMPYK;
				GENERATE_INFOPLIST_FILE = YES;
				INFOPLIST_FILE = GHFollowers/Info.plist;
				INFOPLIST_KEY_UIApplicationSupportsIndirectInputEvents = YES;
				INFOPLIST_KEY_UILaunchStoryboardName = LaunchScreen;
				INFOPLIST_KEY_UISupportedInterfaceOrientations = UIInterfaceOrientationPortrait;
				INFOPLIST_KEY_UISupportedInterfaceOrientations_iPad = "UIInterfaceOrientationPortrait UIInterfaceOrientationPortraitUpsideDown UIInterfaceOrientationLandscapeLeft UIInterfaceOrientationLandscapeRight";
				INFOPLIST_KEY_UISupportedInterfaceOrientations_iPhone = "UIInterfaceOrientationPortrait UIInterfaceOrientationLandscapeLeft UIInterfaceOrientationLandscapeRight";
				LD_RUNPATH_SEARCH_PATHS = (
					"$(inherited)",
					"@executable_path/Frameworks",
				);
				MARKETING_VERSION = 1.0;
				PRODUCT_BUNDLE_IDENTIFIER = com.wendykurniawan.GHFollowers;
				PRODUCT_NAME = "$(TARGET_NAME)";
				SWIFT_EMIT_LOC_STRINGS = YES;
				SWIFT_VERSION = 5.0;
				TARGETED_DEVICE_FAMILY = 1;
			};
			name = Release;
		};
/* End XCBuildConfiguration section */

/* Begin XCConfigurationList section */
		26DA0AFF27B6DCAC003BDC51 /* Build configuration list for PBXProject "GHFollowers" */ = {
			isa = XCConfigurationList;
			buildConfigurations = (
				26DA0B1627B6DCAE003BDC51 /* Debug */,
				26DA0B1727B6DCAE003BDC51 /* Release */,
			);
			defaultConfigurationIsVisible = 0;
			defaultConfigurationName = Release;
		};
		26DA0B1827B6DCAE003BDC51 /* Build configuration list for PBXNativeTarget "GHFollowers" */ = {
			isa = XCConfigurationList;
			buildConfigurations = (
				26DA0B1927B6DCAE003BDC51 /* Debug */,
				26DA0B1A27B6DCAE003BDC51 /* Release */,
			);
			defaultConfigurationIsVisible = 0;
			defaultConfigurationName = Release;
		};
/* End XCConfigurationList section */
	};
	rootObject = 26DA0AFC27B6DCAC003BDC51 /* Project object */;
}
